// !$*UTF8*$!
{
	archiveVersion = 1;
	classes = {
	};
	objectVersion = 46;
	objects = {

/* Begin PBXBuildFile section */
		730A87641B271E300019B923 /* TransactionCell.m in Sources */ = {isa = PBXBuildFile; fileRef = 730A87631B271E300019B923 /* TransactionCell.m */; };
		731689A01AC2EE7B008D9FC9 /* main.m in Sources */ = {isa = PBXBuildFile; fileRef = 7316899F1AC2EE7B008D9FC9 /* main.m */; };
		731689A31AC2EE7B008D9FC9 /* AppDelegate.m in Sources */ = {isa = PBXBuildFile; fileRef = 731689A21AC2EE7B008D9FC9 /* AppDelegate.m */; };
		731689A61AC2EE7C008D9FC9 /* MainViewController.m in Sources */ = {isa = PBXBuildFile; fileRef = 731689A51AC2EE7C008D9FC9 /* MainViewController.m */; };
		731689A91AC2EE7C008D9FC9 /* Main.storyboard in Resources */ = {isa = PBXBuildFile; fileRef = 731689A71AC2EE7C008D9FC9 /* Main.storyboard */; };
		731689AB1AC2EE7C008D9FC9 /* Images.xcassets in Resources */ = {isa = PBXBuildFile; fileRef = 731689AA1AC2EE7C008D9FC9 /* Images.xcassets */; };
		731689AE1AC2EE7C008D9FC9 /* LaunchScreen.xib in Resources */ = {isa = PBXBuildFile; fileRef = 731689AC1AC2EE7C008D9FC9 /* LaunchScreen.xib */; };
		731689BA1AC2EE7C008D9FC9 /* KidsFinanceTests.m in Sources */ = {isa = PBXBuildFile; fileRef = 731689B91AC2EE7C008D9FC9 /* KidsFinanceTests.m */; };
		731AFB2F1AC58410000D6EBC /* ConfigViewController.m in Sources */ = {isa = PBXBuildFile; fileRef = 731AFB2E1AC58410000D6EBC /* ConfigViewController.m */; };
		7342FCCD1ACC1B370000A9BB /* Utils.m in Sources */ = {isa = PBXBuildFile; fileRef = 7342FCCC1ACC1B370000A9BB /* Utils.m */; };
		7342FCD21ACC286D0000A9BB /* JNKeychain.m in Sources */ = {isa = PBXBuildFile; fileRef = 7342FCD11ACC286D0000A9BB /* JNKeychain.m */; };
		7358A0731ACAD73100A3F19F /* DAO.m in Sources */ = {isa = PBXBuildFile; fileRef = 7358A0721ACAD73100A3F19F /* DAO.m */; };
		739074DA1AC96DF700C3B246 /* ReportViewController.m in Sources */ = {isa = PBXBuildFile; fileRef = 739074D91AC96DF700C3B246 /* ReportViewController.m */; };
		739074DD1AC973BB00C3B246 /* AboutViewController.m in Sources */ = {isa = PBXBuildFile; fileRef = 739074DC1AC973BB00C3B246 /* AboutViewController.m */; };
		B8CF54141ACAB73F000040B0 /* TransactionViewController.m in Sources */ = {isa = PBXBuildFile; fileRef = B8CF54131ACAB73F000040B0 /* TransactionViewController.m */; };
		B8CF54171ACAC868000040B0 /* CategoryViewController.m in Sources */ = {isa = PBXBuildFile; fileRef = B8CF54161ACAC868000040B0 /* CategoryViewController.m */; };
		B8D600311ACD619D004C68C2 /* PoupancaViewController.m in Sources */ = {isa = PBXBuildFile; fileRef = B8D600301ACD619D004C68C2 /* PoupancaViewController.m */; };
		B8D600341ACD775E004C68C2 /* AccountViewController.m in Sources */ = {isa = PBXBuildFile; fileRef = B8D600331ACD775E004C68C2 /* AccountViewController.m */; };
		B8D600361ACD8CAD004C68C2 /* Enumerations.m in Sources */ = {isa = PBXBuildFile; fileRef = B8D600351ACD8CAD004C68C2 /* Enumerations.m */; };
		B8D6AB041ACC11E900C66D3C /* KidsFinance1.xcdatamodeld in Sources */ = {isa = PBXBuildFile; fileRef = 7358A06E1ACACCEB00A3F19F /* KidsFinance1.xcdatamodeld */; };
		B8D6AB061ACC38EE00C66D3C /* Constants.m in Sources */ = {isa = PBXBuildFile; fileRef = B8D6AB051ACC38EE00C66D3C /* Constants.m */; };
		B8E885A31B2AF821004E2EA8 /* Report.m in Sources */ = {isa = PBXBuildFile; fileRef = B8E885A21B2AF821004E2EA8 /* Report.m */; };
		B8EDF2521B29B20E006C839F /* PDFCreator.m in Sources */ = {isa = PBXBuildFile; fileRef = B8EDF2511B29B20E006C839F /* PDFCreator.m */; };
		B8EDF2541B29B42B006C839F /* CoreText.framework in Frameworks */ = {isa = PBXBuildFile; fileRef = B8EDF2531B29B42B006C839F /* CoreText.framework */; };
		C9A899651AC97A8000D5AAD3 /* Transactions.m in Sources */ = {isa = PBXBuildFile; fileRef = C9A899641AC97A8000D5AAD3 /* Transactions.m */; };
		C9D7BFCE1AC443E700468E92 /* libsqlite3.dylib in Frameworks */ = {isa = PBXBuildFile; fileRef = C9D7BFCD1AC443E700468E92 /* libsqlite3.dylib */; };
/* End PBXBuildFile section */

/* Begin PBXContainerItemProxy section */
		731689B41AC2EE7C008D9FC9 /* PBXContainerItemProxy */ = {
			isa = PBXContainerItemProxy;
			containerPortal = 731689921AC2EE7B008D9FC9 /* Project object */;
			proxyType = 1;
			remoteGlobalIDString = 731689991AC2EE7B008D9FC9;
			remoteInfo = KidsFinance;
		};
/* End PBXContainerItemProxy section */

/* Begin PBXFileReference section */
		730A87621B271E300019B923 /* TransactionCell.h */ = {isa = PBXFileReference; fileEncoding = 4; lastKnownFileType = sourcecode.c.h; path = TransactionCell.h; sourceTree = "<group>"; };
		730A87631B271E300019B923 /* TransactionCell.m */ = {isa = PBXFileReference; fileEncoding = 4; lastKnownFileType = sourcecode.c.objc; path = TransactionCell.m; sourceTree = "<group>"; };
		7316899A1AC2EE7B008D9FC9 /* dinDin.app */ = {isa = PBXFileReference; explicitFileType = wrapper.application; includeInIndex = 0; path = dinDin.app; sourceTree = BUILT_PRODUCTS_DIR; };
		7316899E1AC2EE7B008D9FC9 /* Info.plist */ = {isa = PBXFileReference; lastKnownFileType = text.plist.xml; path = Info.plist; sourceTree = "<group>"; };
		7316899F1AC2EE7B008D9FC9 /* main.m */ = {isa = PBXFileReference; lastKnownFileType = sourcecode.c.objc; path = main.m; sourceTree = "<group>"; };
		731689A11AC2EE7B008D9FC9 /* AppDelegate.h */ = {isa = PBXFileReference; lastKnownFileType = sourcecode.c.h; path = AppDelegate.h; sourceTree = "<group>"; };
		731689A21AC2EE7B008D9FC9 /* AppDelegate.m */ = {isa = PBXFileReference; lastKnownFileType = sourcecode.c.objc; path = AppDelegate.m; sourceTree = "<group>"; };
		731689A41AC2EE7B008D9FC9 /* MainViewController.h */ = {isa = PBXFileReference; lastKnownFileType = sourcecode.c.h; path = MainViewController.h; sourceTree = "<group>"; };
		731689A51AC2EE7C008D9FC9 /* MainViewController.m */ = {isa = PBXFileReference; lastKnownFileType = sourcecode.c.objc; path = MainViewController.m; sourceTree = "<group>"; };
		731689A81AC2EE7C008D9FC9 /* Base */ = {isa = PBXFileReference; lastKnownFileType = file.storyboard; name = Base; path = Base.lproj/Main.storyboard; sourceTree = "<group>"; };
		731689AA1AC2EE7C008D9FC9 /* Images.xcassets */ = {isa = PBXFileReference; lastKnownFileType = folder.assetcatalog; path = Images.xcassets; sourceTree = "<group>"; };
		731689AD1AC2EE7C008D9FC9 /* Base */ = {isa = PBXFileReference; lastKnownFileType = file.xib; name = Base; path = Base.lproj/LaunchScreen.xib; sourceTree = "<group>"; };
		731689B31AC2EE7C008D9FC9 /* KidsFinanceTests.xctest */ = {isa = PBXFileReference; explicitFileType = wrapper.cfbundle; includeInIndex = 0; path = KidsFinanceTests.xctest; sourceTree = BUILT_PRODUCTS_DIR; };
		731689B81AC2EE7C008D9FC9 /* Info.plist */ = {isa = PBXFileReference; lastKnownFileType = text.plist.xml; path = Info.plist; sourceTree = "<group>"; };
		731689B91AC2EE7C008D9FC9 /* KidsFinanceTests.m */ = {isa = PBXFileReference; lastKnownFileType = sourcecode.c.objc; path = KidsFinanceTests.m; sourceTree = "<group>"; };
		731AFB2D1AC58410000D6EBC /* ConfigViewController.h */ = {isa = PBXFileReference; fileEncoding = 4; lastKnownFileType = sourcecode.c.h; path = ConfigViewController.h; sourceTree = "<group>"; };
		731AFB2E1AC58410000D6EBC /* ConfigViewController.m */ = {isa = PBXFileReference; fileEncoding = 4; lastKnownFileType = sourcecode.c.objc; path = ConfigViewController.m; sourceTree = "<group>"; };
		7342FCCC1ACC1B370000A9BB /* Utils.m */ = {isa = PBXFileReference; fileEncoding = 4; lastKnownFileType = sourcecode.c.objc; path = Utils.m; sourceTree = "<group>"; };
		7342FCCE1ACC22F80000A9BB /* Utils.h */ = {isa = PBXFileReference; lastKnownFileType = sourcecode.c.h; path = Utils.h; sourceTree = "<group>"; };
		7342FCCF1ACC25FA0000A9BB /* Constants.h */ = {isa = PBXFileReference; lastKnownFileType = sourcecode.c.h; path = Constants.h; sourceTree = "<group>"; };
		7342FCD01ACC286D0000A9BB /* JNKeychain.h */ = {isa = PBXFileReference; fileEncoding = 4; lastKnownFileType = sourcecode.c.h; path = JNKeychain.h; sourceTree = "<group>"; };
		7342FCD11ACC286D0000A9BB /* JNKeychain.m */ = {isa = PBXFileReference; fileEncoding = 4; lastKnownFileType = sourcecode.c.objc; path = JNKeychain.m; sourceTree = "<group>"; };
		7358A06F1ACACCEB00A3F19F /* KidsFinance 2.xcdatamodel */ = {isa = PBXFileReference; lastKnownFileType = wrapper.xcdatamodel; path = "KidsFinance 2.xcdatamodel"; sourceTree = "<group>"; };
		7358A0701ACACCEB00A3F19F /* KidsFinance.xcdatamodel */ = {isa = PBXFileReference; lastKnownFileType = wrapper.xcdatamodel; path = KidsFinance.xcdatamodel; sourceTree = "<group>"; };
		7358A0721ACAD73100A3F19F /* DAO.m */ = {isa = PBXFileReference; fileEncoding = 4; lastKnownFileType = sourcecode.c.objc; path = DAO.m; sourceTree = "<group>"; };
		7358A0741ACADFB900A3F19F /* DAO.h */ = {isa = PBXFileReference; lastKnownFileType = sourcecode.c.h; path = DAO.h; sourceTree = "<group>"; };
		739074D81AC96DF700C3B246 /* ReportViewController.h */ = {isa = PBXFileReference; fileEncoding = 4; lastKnownFileType = sourcecode.c.h; path = ReportViewController.h; sourceTree = "<group>"; };
		739074D91AC96DF700C3B246 /* ReportViewController.m */ = {isa = PBXFileReference; fileEncoding = 4; lastKnownFileType = sourcecode.c.objc; path = ReportViewController.m; sourceTree = "<group>"; };
		739074DB1AC973BB00C3B246 /* AboutViewController.h */ = {isa = PBXFileReference; fileEncoding = 4; lastKnownFileType = sourcecode.c.h; path = AboutViewController.h; sourceTree = "<group>"; };
		739074DC1AC973BB00C3B246 /* AboutViewController.m */ = {isa = PBXFileReference; fileEncoding = 4; lastKnownFileType = sourcecode.c.objc; path = AboutViewController.m; sourceTree = "<group>"; };
		B8CF54121ACAB73F000040B0 /* TransactionViewController.h */ = {isa = PBXFileReference; fileEncoding = 4; lastKnownFileType = sourcecode.c.h; path = TransactionViewController.h; sourceTree = "<group>"; };
		B8CF54131ACAB73F000040B0 /* TransactionViewController.m */ = {isa = PBXFileReference; fileEncoding = 4; lastKnownFileType = sourcecode.c.objc; path = TransactionViewController.m; sourceTree = "<group>"; };
		B8CF54151ACAC868000040B0 /* CategoryViewController.h */ = {isa = PBXFileReference; fileEncoding = 4; lastKnownFileType = sourcecode.c.h; path = CategoryViewController.h; sourceTree = "<group>"; };
		B8CF54161ACAC868000040B0 /* CategoryViewController.m */ = {isa = PBXFileReference; fileEncoding = 4; lastKnownFileType = sourcecode.c.objc; path = CategoryViewController.m; sourceTree = "<group>"; };
		B8D6002F1ACD619D004C68C2 /* PoupancaViewController.h */ = {isa = PBXFileReference; fileEncoding = 4; lastKnownFileType = sourcecode.c.h; path = PoupancaViewController.h; sourceTree = "<group>"; };
		B8D600301ACD619D004C68C2 /* PoupancaViewController.m */ = {isa = PBXFileReference; fileEncoding = 4; lastKnownFileType = sourcecode.c.objc; path = PoupancaViewController.m; sourceTree = "<group>"; };
		B8D600321ACD775E004C68C2 /* AccountViewController.h */ = {isa = PBXFileReference; fileEncoding = 4; lastKnownFileType = sourcecode.c.h; path = AccountViewController.h; sourceTree = "<group>"; };
		B8D600331ACD775E004C68C2 /* AccountViewController.m */ = {isa = PBXFileReference; fileEncoding = 4; lastKnownFileType = sourcecode.c.objc; path = AccountViewController.m; sourceTree = "<group>"; };
		B8D600351ACD8CAD004C68C2 /* Enumerations.m */ = {isa = PBXFileReference; fileEncoding = 4; lastKnownFileType = sourcecode.c.objc; path = Enumerations.m; sourceTree = "<group>"; };
		B8D6AB011ACC0E5300C66D3C /* KidsFinance 3.xcdatamodel */ = {isa = PBXFileReference; lastKnownFileType = wrapper.xcdatamodel; path = "KidsFinance 3.xcdatamodel"; sourceTree = "<group>"; };
		B8D6AB021ACC0F0A00C66D3C /* KidsFinance 4.xcdatamodel */ = {isa = PBXFileReference; lastKnownFileType = wrapper.xcdatamodel; path = "KidsFinance 4.xcdatamodel"; sourceTree = "<group>"; };
		B8D6AB051ACC38EE00C66D3C /* Constants.m */ = {isa = PBXFileReference; fileEncoding = 4; lastKnownFileType = sourcecode.c.objc; path = Constants.m; sourceTree = "<group>"; };
		B8E885A11B2AF821004E2EA8 /* Report.h */ = {isa = PBXFileReference; fileEncoding = 4; lastKnownFileType = sourcecode.c.h; path = Report.h; sourceTree = "<group>"; };
		B8E885A21B2AF821004E2EA8 /* Report.m */ = {isa = PBXFileReference; fileEncoding = 4; lastKnownFileType = sourcecode.c.objc; path = Report.m; sourceTree = "<group>"; };
		B8EDF2501B29B20E006C839F /* PDFCreator.h */ = {isa = PBXFileReference; fileEncoding = 4; lastKnownFileType = sourcecode.c.h; path = PDFCreator.h; sourceTree = "<group>"; };
		B8EDF2511B29B20E006C839F /* PDFCreator.m */ = {isa = PBXFileReference; fileEncoding = 4; lastKnownFileType = sourcecode.c.objc; path = PDFCreator.m; sourceTree = "<group>"; };
		B8EDF2531B29B42B006C839F /* CoreText.framework */ = {isa = PBXFileReference; lastKnownFileType = wrapper.framework; name = CoreText.framework; path = System/Library/Frameworks/CoreText.framework; sourceTree = SDKROOT; };
		C9A899631AC97A8000D5AAD3 /* Transactions.h */ = {isa = PBXFileReference; fileEncoding = 4; lastKnownFileType = sourcecode.c.h; path = Transactions.h; sourceTree = "<group>"; };
		C9A899641AC97A8000D5AAD3 /* Transactions.m */ = {isa = PBXFileReference; fileEncoding = 4; lastKnownFileType = sourcecode.c.objc; path = Transactions.m; sourceTree = "<group>"; };
		C9A899661AC97C4000D5AAD3 /* Enumerations.h */ = {isa = PBXFileReference; lastKnownFileType = sourcecode.c.h; path = Enumerations.h; sourceTree = "<group>"; };
		C9D7BFCD1AC443E700468E92 /* libsqlite3.dylib */ = {isa = PBXFileReference; lastKnownFileType = "compiled.mach-o.dylib"; name = libsqlite3.dylib; path = usr/lib/libsqlite3.dylib; sourceTree = SDKROOT; };
/* End PBXFileReference section */

/* Begin PBXFrameworksBuildPhase section */
		731689971AC2EE7B008D9FC9 /* Frameworks */ = {
			isa = PBXFrameworksBuildPhase;
			buildActionMask = 2147483647;
			files = (
				B8EDF2541B29B42B006C839F /* CoreText.framework in Frameworks */,
				C9D7BFCE1AC443E700468E92 /* libsqlite3.dylib in Frameworks */,
			);
			runOnlyForDeploymentPostprocessing = 0;
		};
		731689B01AC2EE7C008D9FC9 /* Frameworks */ = {
			isa = PBXFrameworksBuildPhase;
			buildActionMask = 2147483647;
			files = (
			);
			runOnlyForDeploymentPostprocessing = 0;
		};
/* End PBXFrameworksBuildPhase section */

/* Begin PBXGroup section */
		731689911AC2EE7B008D9FC9 = {
			isa = PBXGroup;
			children = (
				B8EDF2551B29B438006C839F /* Frameworks */,
				7316899C1AC2EE7B008D9FC9 /* KidsFinance */,
				731689B61AC2EE7C008D9FC9 /* KidsFinanceTests */,
				7316899B1AC2EE7B008D9FC9 /* Products */,
			);
			sourceTree = "<group>";
		};
		7316899B1AC2EE7B008D9FC9 /* Products */ = {
			isa = PBXGroup;
			children = (
				7316899A1AC2EE7B008D9FC9 /* dinDin.app */,
				731689B31AC2EE7C008D9FC9 /* KidsFinanceTests.xctest */,
			);
			name = Products;
			sourceTree = "<group>";
		};
		7316899C1AC2EE7B008D9FC9 /* KidsFinance */ = {
			isa = PBXGroup;
			children = (
				7342FCCB1ACC11650000A9BB /* View */,
				7342FCCA1ACC11360000A9BB /* Controller */,
				7342FCC91ACC10D80000A9BB /* Enumeration */,
				7342FCC81ACC10A10000A9BB /* Model */,
				7342FCD31ACC28760000A9BB /* Util */,
				731689A11AC2EE7B008D9FC9 /* AppDelegate.h */,
				731689A21AC2EE7B008D9FC9 /* AppDelegate.m */,
				731689AA1AC2EE7C008D9FC9 /* Images.xcassets */,
				731689AC1AC2EE7C008D9FC9 /* LaunchScreen.xib */,
				7316899D1AC2EE7B008D9FC9 /* Supporting Files */,
			);
			path = KidsFinance;
			sourceTree = "<group>";
		};
		7316899D1AC2EE7B008D9FC9 /* Supporting Files */ = {
			isa = PBXGroup;
			children = (
				7316899E1AC2EE7B008D9FC9 /* Info.plist */,
				7316899F1AC2EE7B008D9FC9 /* main.m */,
			);
			name = "Supporting Files";
			sourceTree = "<group>";
		};
		731689B61AC2EE7C008D9FC9 /* KidsFinanceTests */ = {
			isa = PBXGroup;
			children = (
				731689B91AC2EE7C008D9FC9 /* KidsFinanceTests.m */,
				731689B71AC2EE7C008D9FC9 /* Supporting Files */,
			);
			path = KidsFinanceTests;
			sourceTree = "<group>";
		};
		731689B71AC2EE7C008D9FC9 /* Supporting Files */ = {
			isa = PBXGroup;
			children = (
				731689B81AC2EE7C008D9FC9 /* Info.plist */,
			);
			name = "Supporting Files";
			sourceTree = "<group>";
		};
		7342FCC81ACC10A10000A9BB /* Model */ = {
			isa = PBXGroup;
			children = (
				C9A899631AC97A8000D5AAD3 /* Transactions.h */,
				C9A899641AC97A8000D5AAD3 /* Transactions.m */,
				7358A06E1ACACCEB00A3F19F /* KidsFinance1.xcdatamodeld */,
				7358A0721ACAD73100A3F19F /* DAO.m */,
				7358A0741ACADFB900A3F19F /* DAO.h */,
			);
			name = Model;
			sourceTree = "<group>";
		};
		7342FCC91ACC10D80000A9BB /* Enumeration */ = {
			isa = PBXGroup;
			children = (
				C9A899661AC97C4000D5AAD3 /* Enumerations.h */,
				B8D600351ACD8CAD004C68C2 /* Enumerations.m */,
			);
			name = Enumeration;
			sourceTree = "<group>";
		};
		7342FCCA1ACC11360000A9BB /* Controller */ = {
			isa = PBXGroup;
			children = (
				731689A41AC2EE7B008D9FC9 /* MainViewController.h */,
				731689A51AC2EE7C008D9FC9 /* MainViewController.m */,
				731AFB2D1AC58410000D6EBC /* ConfigViewController.h */,
				731AFB2E1AC58410000D6EBC /* ConfigViewController.m */,
				B8CF54151ACAC868000040B0 /* CategoryViewController.h */,
				B8CF54161ACAC868000040B0 /* CategoryViewController.m */,
				B8CF54121ACAB73F000040B0 /* TransactionViewController.h */,
				B8CF54131ACAB73F000040B0 /* TransactionViewController.m */,
				739074D81AC96DF700C3B246 /* ReportViewController.h */,
				739074D91AC96DF700C3B246 /* ReportViewController.m */,
				739074DB1AC973BB00C3B246 /* AboutViewController.h */,
				739074DC1AC973BB00C3B246 /* AboutViewController.m */,
				B8D6002F1ACD619D004C68C2 /* PoupancaViewController.h */,
				B8D600301ACD619D004C68C2 /* PoupancaViewController.m */,
				B8D600321ACD775E004C68C2 /* AccountViewController.h */,
				B8D600331ACD775E004C68C2 /* AccountViewController.m */,
			);
			name = Controller;
			sourceTree = "<group>";
		};
		7342FCCB1ACC11650000A9BB /* View */ = {
			isa = PBXGroup;
			children = (
				731689A71AC2EE7C008D9FC9 /* Main.storyboard */,
				730A87621B271E300019B923 /* TransactionCell.h */,
				730A87631B271E300019B923 /* TransactionCell.m */,
			);
			name = View;
			sourceTree = "<group>";
		};
		7342FCD31ACC28760000A9BB /* Util */ = {
			isa = PBXGroup;
			children = (
				7342FCCC1ACC1B370000A9BB /* Utils.m */,
				7342FCCE1ACC22F80000A9BB /* Utils.h */,
				7342FCCF1ACC25FA0000A9BB /* Constants.h */,
				B8D6AB051ACC38EE00C66D3C /* Constants.m */,
				7342FCD01ACC286D0000A9BB /* JNKeychain.h */,
				7342FCD11ACC286D0000A9BB /* JNKeychain.m */,
				B8EDF2501B29B20E006C839F /* PDFCreator.h */,
				B8EDF2511B29B20E006C839F /* PDFCreator.m */,
				B8E885A11B2AF821004E2EA8 /* Report.h */,
				B8E885A21B2AF821004E2EA8 /* Report.m */,
			);
			name = Util;
			sourceTree = "<group>";
		};
		B8EDF2551B29B438006C839F /* Frameworks */ = {
			isa = PBXGroup;
			children = (
				B8EDF2531B29B42B006C839F /* CoreText.framework */,
				C9D7BFCD1AC443E700468E92 /* libsqlite3.dylib */,
			);
			name = Frameworks;
			sourceTree = "<group>";
		};
/* End PBXGroup section */

/* Begin PBXNativeTarget section */
		731689991AC2EE7B008D9FC9 /* KidsFinance */ = {
			isa = PBXNativeTarget;
			buildConfigurationList = 731689BD1AC2EE7C008D9FC9 /* Build configuration list for PBXNativeTarget "KidsFinance" */;
			buildPhases = (
				731689961AC2EE7B008D9FC9 /* Sources */,
				731689971AC2EE7B008D9FC9 /* Frameworks */,
				731689981AC2EE7B008D9FC9 /* Resources */,
			);
			buildRules = (
			);
			dependencies = (
			);
			name = KidsFinance;
			productName = KidsFinance;
			productReference = 7316899A1AC2EE7B008D9FC9 /* dinDin.app */;
			productType = "com.apple.product-type.application";
		};
		731689B21AC2EE7C008D9FC9 /* KidsFinanceTests */ = {
			isa = PBXNativeTarget;
			buildConfigurationList = 731689C01AC2EE7C008D9FC9 /* Build configuration list for PBXNativeTarget "KidsFinanceTests" */;
			buildPhases = (
				731689AF1AC2EE7C008D9FC9 /* Sources */,
				731689B01AC2EE7C008D9FC9 /* Frameworks */,
				731689B11AC2EE7C008D9FC9 /* Resources */,
			);
			buildRules = (
			);
			dependencies = (
				731689B51AC2EE7C008D9FC9 /* PBXTargetDependency */,
			);
			name = KidsFinanceTests;
			productName = KidsFinanceTests;
			productReference = 731689B31AC2EE7C008D9FC9 /* KidsFinanceTests.xctest */;
			productType = "com.apple.product-type.bundle.unit-test";
		};
/* End PBXNativeTarget section */

/* Begin PBXProject section */
		731689921AC2EE7B008D9FC9 /* Project object */ = {
			isa = PBXProject;
			attributes = {
				LastUpgradeCheck = 0620;
				ORGANIZATIONNAME = Umbrella;
				TargetAttributes = {
					731689991AC2EE7B008D9FC9 = {
						CreatedOnToolsVersion = 6.2;
						DevelopmentTeam = Z5MM8VNKU4;
					};
					731689B21AC2EE7C008D9FC9 = {
						CreatedOnToolsVersion = 6.2;
						TestTargetID = 731689991AC2EE7B008D9FC9;
					};
				};
			};
			buildConfigurationList = 731689951AC2EE7B008D9FC9 /* Build configuration list for PBXProject "KidsFinance" */;
			compatibilityVersion = "Xcode 3.2";
			developmentRegion = English;
			hasScannedForEncodings = 0;
			knownRegions = (
				en,
				Base,
			);
			mainGroup = 731689911AC2EE7B008D9FC9;
			productRefGroup = 7316899B1AC2EE7B008D9FC9 /* Products */;
			projectDirPath = "";
			projectRoot = "";
			targets = (
				731689991AC2EE7B008D9FC9 /* KidsFinance */,
				731689B21AC2EE7C008D9FC9 /* KidsFinanceTests */,
			);
		};
/* End PBXProject section */

/* Begin PBXResourcesBuildPhase section */
		731689981AC2EE7B008D9FC9 /* Resources */ = {
			isa = PBXResourcesBuildPhase;
			buildActionMask = 2147483647;
			files = (
				731689A91AC2EE7C008D9FC9 /* Main.storyboard in Resources */,
				731689AE1AC2EE7C008D9FC9 /* LaunchScreen.xib in Resources */,
				731689AB1AC2EE7C008D9FC9 /* Images.xcassets in Resources */,
			);
			runOnlyForDeploymentPostprocessing = 0;
		};
		731689B11AC2EE7C008D9FC9 /* Resources */ = {
			isa = PBXResourcesBuildPhase;
			buildActionMask = 2147483647;
			files = (
			);
			runOnlyForDeploymentPostprocessing = 0;
		};
/* End PBXResourcesBuildPhase section */

/* Begin PBXSourcesBuildPhase section */
		731689961AC2EE7B008D9FC9 /* Sources */ = {
			isa = PBXSourcesBuildPhase;
			buildActionMask = 2147483647;
			files = (
				B8D600361ACD8CAD004C68C2 /* Enumerations.m in Sources */,
				739074DD1AC973BB00C3B246 /* AboutViewController.m in Sources */,
				7342FCD21ACC286D0000A9BB /* JNKeychain.m in Sources */,
				B8E885A31B2AF821004E2EA8 /* Report.m in Sources */,
				B8D6AB041ACC11E900C66D3C /* KidsFinance1.xcdatamodeld in Sources */,
				739074DA1AC96DF700C3B246 /* ReportViewController.m in Sources */,
				7342FCCD1ACC1B370000A9BB /* Utils.m in Sources */,
				B8D6AB061ACC38EE00C66D3C /* Constants.m in Sources */,
				7358A0731ACAD73100A3F19F /* DAO.m in Sources */,
				C9A899651AC97A8000D5AAD3 /* Transactions.m in Sources */,
				B8CF54171ACAC868000040B0 /* CategoryViewController.m in Sources */,
				731689A61AC2EE7C008D9FC9 /* MainViewController.m in Sources */,
				B8D600311ACD619D004C68C2 /* PoupancaViewController.m in Sources */,
				731689A31AC2EE7B008D9FC9 /* AppDelegate.m in Sources */,
				731AFB2F1AC58410000D6EBC /* ConfigViewController.m in Sources */,
				730A87641B271E300019B923 /* TransactionCell.m in Sources */,
				731689A01AC2EE7B008D9FC9 /* main.m in Sources */,
				B8EDF2521B29B20E006C839F /* PDFCreator.m in Sources */,
				B8D600341ACD775E004C68C2 /* AccountViewController.m in Sources */,
				B8CF54141ACAB73F000040B0 /* TransactionViewController.m in Sources */,
			);
			runOnlyForDeploymentPostprocessing = 0;
		};
		731689AF1AC2EE7C008D9FC9 /* Sources */ = {
			isa = PBXSourcesBuildPhase;
			buildActionMask = 2147483647;
			files = (
				731689BA1AC2EE7C008D9FC9 /* KidsFinanceTests.m in Sources */,
			);
			runOnlyForDeploymentPostprocessing = 0;
		};
/* End PBXSourcesBuildPhase section */

/* Begin PBXTargetDependency section */
		731689B51AC2EE7C008D9FC9 /* PBXTargetDependency */ = {
			isa = PBXTargetDependency;
			target = 731689991AC2EE7B008D9FC9 /* KidsFinance */;
			targetProxy = 731689B41AC2EE7C008D9FC9 /* PBXContainerItemProxy */;
		};
/* End PBXTargetDependency section */

/* Begin PBXVariantGroup section */
		731689A71AC2EE7C008D9FC9 /* Main.storyboard */ = {
			isa = PBXVariantGroup;
			children = (
				731689A81AC2EE7C008D9FC9 /* Base */,
			);
			name = Main.storyboard;
			sourceTree = "<group>";
		};
		731689AC1AC2EE7C008D9FC9 /* LaunchScreen.xib */ = {
			isa = PBXVariantGroup;
			children = (
				731689AD1AC2EE7C008D9FC9 /* Base */,
			);
			name = LaunchScreen.xib;
			sourceTree = "<group>";
		};
/* End PBXVariantGroup section */

/* Begin XCBuildConfiguration section */
		731689BB1AC2EE7C008D9FC9 /* Debug */ = {
			isa = XCBuildConfiguration;
			buildSettings = {
				ALWAYS_SEARCH_USER_PATHS = NO;
				CLANG_CXX_LANGUAGE_STANDARD = "gnu++0x";
				CLANG_CXX_LIBRARY = "libc++";
				CLANG_ENABLE_MODULES = YES;
				CLANG_ENABLE_OBJC_ARC = YES;
				CLANG_WARN_BOOL_CONVERSION = YES;
				CLANG_WARN_CONSTANT_CONVERSION = YES;
				CLANG_WARN_DIRECT_OBJC_ISA_USAGE = YES_ERROR;
				CLANG_WARN_EMPTY_BODY = YES;
				CLANG_WARN_ENUM_CONVERSION = YES;
				CLANG_WARN_INT_CONVERSION = YES;
				CLANG_WARN_OBJC_ROOT_CLASS = YES_ERROR;
				CLANG_WARN_UNREACHABLE_CODE = YES;
				CLANG_WARN__DUPLICATE_METHOD_MATCH = YES;
				"CODE_SIGN_IDENTITY[sdk=iphoneos*]" = "iPhone Developer";
				COPY_PHASE_STRIP = NO;
				ENABLE_STRICT_OBJC_MSGSEND = YES;
				GCC_C_LANGUAGE_STANDARD = gnu99;
				GCC_DYNAMIC_NO_PIC = NO;
				GCC_OPTIMIZATION_LEVEL = 0;
				GCC_PREPROCESSOR_DEFINITIONS = (
					"DEBUG=1",
					"$(inherited)",
				);
				GCC_SYMBOLS_PRIVATE_EXTERN = NO;
				GCC_WARN_64_TO_32_BIT_CONVERSION = YES;
				GCC_WARN_ABOUT_RETURN_TYPE = YES_ERROR;
				GCC_WARN_UNDECLARED_SELECTOR = YES;
				GCC_WARN_UNINITIALIZED_AUTOS = YES_AGGRESSIVE;
				GCC_WARN_UNUSED_FUNCTION = YES;
				GCC_WARN_UNUSED_VARIABLE = YES;
				IPHONEOS_DEPLOYMENT_TARGET = 8.2;
				MTL_ENABLE_DEBUG_INFO = YES;
				ONLY_ACTIVE_ARCH = YES;
				SDKROOT = iphoneos;
				TARGETED_DEVICE_FAMILY = "1,2";
			};
			name = Debug;
		};
		731689BC1AC2EE7C008D9FC9 /* Release */ = {
			isa = XCBuildConfiguration;
			buildSettings = {
				ALWAYS_SEARCH_USER_PATHS = NO;
				CLANG_CXX_LANGUAGE_STANDARD = "gnu++0x";
				CLANG_CXX_LIBRARY = "libc++";
				CLANG_ENABLE_MODULES = YES;
				CLANG_ENABLE_OBJC_ARC = YES;
				CLANG_WARN_BOOL_CONVERSION = YES;
				CLANG_WARN_CONSTANT_CONVERSION = YES;
				CLANG_WARN_DIRECT_OBJC_ISA_USAGE = YES_ERROR;
				CLANG_WARN_EMPTY_BODY = YES;
				CLANG_WARN_ENUM_CONVERSION = YES;
				CLANG_WARN_INT_CONVERSION = YES;
				CLANG_WARN_OBJC_ROOT_CLASS = YES_ERROR;
				CLANG_WARN_UNREACHABLE_CODE = YES;
				CLANG_WARN__DUPLICATE_METHOD_MATCH = YES;
				"CODE_SIGN_IDENTITY[sdk=iphoneos*]" = "iPhone Developer";
				COPY_PHASE_STRIP = NO;
				ENABLE_NS_ASSERTIONS = NO;
				ENABLE_STRICT_OBJC_MSGSEND = YES;
				GCC_C_LANGUAGE_STANDARD = gnu99;
				GCC_WARN_64_TO_32_BIT_CONVERSION = YES;
				GCC_WARN_ABOUT_RETURN_TYPE = YES_ERROR;
				GCC_WARN_UNDECLARED_SELECTOR = YES;
				GCC_WARN_UNINITIALIZED_AUTOS = YES_AGGRESSIVE;
				GCC_WARN_UNUSED_FUNCTION = YES;
				GCC_WARN_UNUSED_VARIABLE = YES;
				IPHONEOS_DEPLOYMENT_TARGET = 8.2;
				MTL_ENABLE_DEBUG_INFO = NO;
				SDKROOT = iphoneos;
				TARGETED_DEVICE_FAMILY = "1,2";
				VALIDATE_PRODUCT = YES;
			};
			name = Release;
		};
		731689BE1AC2EE7C008D9FC9 /* Debug */ = {
			isa = XCBuildConfiguration;
			buildSettings = {
				ASSETCATALOG_COMPILER_APPICON_NAME = AppIcon;
				CODE_SIGN_IDENTITY = "iPhone Developer";
				"CODE_SIGN_IDENTITY[sdk=iphoneos*]" = "iPhone Developer";
				INFOPLIST_FILE = KidsFinance/Info.plist;
				LD_RUNPATH_SEARCH_PATHS = "$(inherited) @executable_path/Frameworks";
				PRODUCT_NAME = dinDin;
				PROVISIONING_PROFILE = "";
			};
			name = Debug;
		};
		731689BF1AC2EE7C008D9FC9 /* Release */ = {
			isa = XCBuildConfiguration;
			buildSettings = {
				ASSETCATALOG_COMPILER_APPICON_NAME = AppIcon;
				CODE_SIGN_IDENTITY = "iPhone Developer";
				"CODE_SIGN_IDENTITY[sdk=iphoneos*]" = "iPhone Developer";
				INFOPLIST_FILE = KidsFinance/Info.plist;
				LD_RUNPATH_SEARCH_PATHS = "$(inherited) @executable_path/Frameworks";
				PRODUCT_NAME = dinDin;
				PROVISIONING_PROFILE = "";
			};
			name = Release;
		};
		731689C11AC2EE7C008D9FC9 /* Debug */ = {
			isa = XCBuildConfiguration;
			buildSettings = {
				BUNDLE_LOADER = "$(TEST_HOST)";
				FRAMEWORK_SEARCH_PATHS = (
					"$(SDKROOT)/Developer/Library/Frameworks",
					"$(inherited)",
				);
				GCC_PREPROCESSOR_DEFINITIONS = (
					"DEBUG=1",
					"$(inherited)",
				);
				INFOPLIST_FILE = KidsFinanceTests/Info.plist;
				LD_RUNPATH_SEARCH_PATHS = "$(inherited) @executable_path/Frameworks @loader_path/Frameworks";
				PRODUCT_NAME = "$(TARGET_NAME)";
				TEST_HOST = "$(BUILT_PRODUCTS_DIR)/KidsFinance.app/KidsFinance";
			};
			name = Debug;
		};
		731689C21AC2EE7C008D9FC9 /* Release */ = {
			isa = XCBuildConfiguration;
			buildSettings = {
				BUNDLE_LOADER = "$(TEST_HOST)";
				FRAMEWORK_SEARCH_PATHS = (
					"$(SDKROOT)/Developer/Library/Frameworks",
					"$(inherited)",
				);
				INFOPLIST_FILE = KidsFinanceTests/Info.plist;
				LD_RUNPATH_SEARCH_PATHS = "$(inherited) @executable_path/Frameworks @loader_path/Frameworks";
				PRODUCT_NAME = "$(TARGET_NAME)";
				TEST_HOST = "$(BUILT_PRODUCTS_DIR)/KidsFinance.app/KidsFinance";
			};
			name = Release;
		};
/* End XCBuildConfiguration section */

/* Begin XCConfigurationList section */
		731689951AC2EE7B008D9FC9 /* Build configuration list for PBXProject "KidsFinance" */ = {
			isa = XCConfigurationList;
			buildConfigurations = (
				731689BB1AC2EE7C008D9FC9 /* Debug */,
				731689BC1AC2EE7C008D9FC9 /* Release */,
			);
			defaultConfigurationIsVisible = 0;
			defaultConfigurationName = Release;
		};
		731689BD1AC2EE7C008D9FC9 /* Build configuration list for PBXNativeTarget "KidsFinance" */ = {
			isa = XCConfigurationList;
			buildConfigurations = (
				731689BE1AC2EE7C008D9FC9 /* Debug */,
				731689BF1AC2EE7C008D9FC9 /* Release */,
			);
			defaultConfigurationIsVisible = 0;
			defaultConfigurationName = Release;
		};
		731689C01AC2EE7C008D9FC9 /* Build configuration list for PBXNativeTarget "KidsFinanceTests" */ = {
			isa = XCConfigurationList;
			buildConfigurations = (
				731689C11AC2EE7C008D9FC9 /* Debug */,
				731689C21AC2EE7C008D9FC9 /* Release */,
			);
			defaultConfigurationIsVisible = 0;
			defaultConfigurationName = Release;
		};
/* End XCConfigurationList section */

/* Begin XCVersionGroup section */
		7358A06E1ACACCEB00A3F19F /* KidsFinance1.xcdatamodeld */ = {
			isa = XCVersionGroup;
			children = (
				B8D6AB021ACC0F0A00C66D3C /* KidsFinance 4.xcdatamodel */,
				B8D6AB011ACC0E5300C66D3C /* KidsFinance 3.xcdatamodel */,
				7358A06F1ACACCEB00A3F19F /* KidsFinance 2.xcdatamodel */,
				7358A0701ACACCEB00A3F19F /* KidsFinance.xcdatamodel */,
			);
			currentVersion = B8D6AB011ACC0E5300C66D3C /* KidsFinance 3.xcdatamodel */;
			path = KidsFinance1.xcdatamodeld;
			sourceTree = "<group>";
			versionGroupType = wrapper.xcdatamodel;
		};
/* End XCVersionGroup section */
	};
	rootObject = 731689921AC2EE7B008D9FC9 /* Project object */;
}
